
Microsoft Visual Studio Solution File, Format Version 12.00
# Visual Studio Version 16
VisualStudioVersion = 16.0.32228.343
MinimumVisualStudioVersion = 10.0.40219.1
Project("{FAE04EC0-301F-11D3-BF4B-00C04F79EFBC}") = "test2", "test2\test2.csproj", "{6B084831-3C3E-44D9-8386-9EE9B24A8FC1}"
EndProject
Project("{FAE04EC0-301F-11D3-BF4B-00C04F79EFBC}") = "Lab2_Z1", "Lab2_Z1\Lab2_Z1.csproj", "{71F8D15E-E127-49D5-A861-96E5704A83DC}"
EndProject
Project("{FAE04EC0-301F-11D3-BF4B-00C04F79EFBC}") = "lab_o6", "lab_o6\lab_o6.csproj", "{05942EC5-3744-4ACD-AD6F-FBACFD00CFB3}"
EndProject
Global
	GlobalSection(SolutionConfigurationPlatforms) = preSolution
		Debug|Any CPU = Debug|Any CPU
		Release|Any CPU = Release|Any CPU
	EndGlobalSection
	GlobalSection(ProjectConfigurationPlatforms) = postSolution
		{6B084831-3C3E-44D9-8386-9EE9B24A8FC1}.Debug|Any CPU.ActiveCfg = Debug|Any CPU
		{6B084831-3C3E-44D9-8386-9EE9B24A8FC1}.Debug|Any CPU.Build.0 = Debug|Any CPU
		{6B084831-3C3E-44D9-8386-9EE9B24A8FC1}.Release|Any CPU.ActiveCfg = Release|Any CPU
		{6B084831-3C3E-44D9-8386-9EE9B24A8FC1}.Release|Any CPU.Build.0 = Release|Any CPU
		{71F8D15E-E127-49D5-A861-96E5704A83DC}.Debug|Any CPU.ActiveCfg = Debug|Any CPU
		{71F8D15E-E127-49D5-A861-96E5704A83DC}.Debug|Any CPU.Build.0 = Debug|Any CPU
		{71F8D15E-E127-49D5-A861-96E5704A83DC}.Release|Any CPU.ActiveCfg = Release|Any CPU
		{71F8D15E-E127-49D5-A861-96E5704A83DC}.Release|Any CPU.Build.0 = Release|Any CPU
		{05942EC5-3744-4ACD-AD6F-FBACFD00CFB3}.Debug|Any CPU.ActiveCfg = Debug|Any CPU
		{05942EC5-3744-4ACD-AD6F-FBACFD00CFB3}.Debug|Any CPU.Build.0 = Debug|Any CPU
		{05942EC5-3744-4ACD-AD6F-FBACFD00CFB3}.Release|Any CPU.ActiveCfg = Release|Any CPU
		{05942EC5-3744-4ACD-AD6F-FBACFD00CFB3}.Release|Any CPU.Build.0 = Release|Any CPU
	EndGlobalSection
	GlobalSection(SolutionProperties) = preSolution
		HideSolutionNode = FALSE
	EndGlobalSection
	GlobalSection(ExtensibilityGlobals) = postSolution
		SolutionGuid = {356F267B-D5E6-4096-B982-7DDB9E797A6F}
	EndGlobalSection
EndGlobal
